# This file is @generated by PDM.
# It is not intended for manual editing.

[metadata]
groups = ["default"]
strategy = []
lock_version = "4.5.0"
content_hash = "sha256:618cf02c62d23783da0e2d36b9ea92bec82152cbc38a811e71f5dcf02c5eeffc"

[[metadata.targets]]
requires_python = ">=3.13"

[[package]]
name = "annotated-types"
version = "0.7.0"
summary = ""
files = [
    {file = "annotated_types-0.7.0-py3-none-any.whl", hash = "sha256:1f02e8b43a8fbbc3f3e0d4f0f4bfc8131bcb4eebe8849b8e5c773f3a1c582a53"},
    {file = "annotated_types-0.7.0.tar.gz", hash = "sha256:aff07c09a53a08bc8cfccb9c85b05f1aa9a2a6f23728d790723543408344ce89"},
]

[[package]]
name = "certifi"
version = "2025.7.9"
summary = ""
files = [
    {file = "certifi-2025.7.9-py3-none-any.whl", hash = "sha256:d842783a14f8fdd646895ac26f719a061408834473cfc10203f6a575beb15d39"},
    {file = "certifi-2025.7.9.tar.gz", hash = "sha256:c1d2ec05395148ee10cf672ffc28cd37ea0ab0d99f9cc74c43e588cbd111b079"},
]

[[package]]
name = "charset-normalizer"
version = "3.4.2"
summary = ""
files = [
    {file = "charset_normalizer-3.4.2-cp313-cp313-macosx_10_13_universal2.whl", hash = "sha256:926ca93accd5d36ccdabd803392ddc3e03e6d4cd1cf17deff3b989ab8e9dbcf0"},
    {file = "charset_normalizer-3.4.2-cp313-cp313-manylinux_2_17_aarch64.manylinux2014_aarch64.whl", hash = "sha256:eba9904b0f38a143592d9fc0e19e2df0fa2e41c3c3745554761c5f6447eedabf"},
    {file = "charset_normalizer-3.4.2-cp313-cp313-manylinux_2_17_ppc64le.manylinux2014_ppc64le.whl", hash = "sha256:3fddb7e2c84ac87ac3a947cb4e66d143ca5863ef48e4a5ecb83bd48619e4634e"},
    {file = "charset_normalizer-3.4.2-cp313-cp313-manylinux_2_17_s390x.manylinux2014_s390x.whl", hash = "sha256:98f862da73774290f251b9df8d11161b6cf25b599a66baf087c1ffe340e9bfd1"},
    {file = "charset_normalizer-3.4.2-cp313-cp313-manylinux_2_17_x86_64.manylinux2014_x86_64.whl", hash = "sha256:6c9379d65defcab82d07b2a9dfbfc2e95bc8fe0ebb1b176a3190230a3ef0e07c"},
    {file = "charset_normalizer-3.4.2-cp313-cp313-manylinux_2_5_i686.manylinux1_i686.manylinux_2_17_i686.manylinux2014_i686.whl", hash = "sha256:e635b87f01ebc977342e2697d05b56632f5f879a4f15955dfe8cef2448b51691"},
    {file = "charset_normalizer-3.4.2-cp313-cp313-musllinux_1_2_aarch64.whl", hash = "sha256:1c95a1e2902a8b722868587c0e1184ad5c55631de5afc0eb96bc4b0d738092c0"},
    {file = "charset_normalizer-3.4.2-cp313-cp313-musllinux_1_2_i686.whl", hash = "sha256:ef8de666d6179b009dce7bcb2ad4c4a779f113f12caf8dc77f0162c29d20490b"},
    {file = "charset_normalizer-3.4.2-cp313-cp313-musllinux_1_2_ppc64le.whl", hash = "sha256:32fc0341d72e0f73f80acb0a2c94216bd704f4f0bce10aedea38f30502b271ff"},
    {file = "charset_normalizer-3.4.2-cp313-cp313-musllinux_1_2_s390x.whl", hash = "sha256:289200a18fa698949d2b39c671c2cc7a24d44096784e76614899a7ccf2574b7b"},
    {file = "charset_normalizer-3.4.2-cp313-cp313-musllinux_1_2_x86_64.whl", hash = "sha256:4a476b06fbcf359ad25d34a057b7219281286ae2477cc5ff5e3f70a246971148"},
    {file = "charset_normalizer-3.4.2-cp313-cp313-win32.whl", hash = "sha256:aaeeb6a479c7667fbe1099af9617c83aaca22182d6cf8c53966491a0f1b7ffb7"},
    {file = "charset_normalizer-3.4.2-cp313-cp313-win_amd64.whl", hash = "sha256:aa6af9e7d59f9c12b33ae4e9450619cf2488e2bbe9b44030905877f0b2324980"},
    {file = "charset_normalizer-3.4.2-py3-none-any.whl", hash = "sha256:7f56930ab0abd1c45cd15be65cc741c28b1c9a34876ce8c17a2fa107810c0af0"},
    {file = "charset_normalizer-3.4.2.tar.gz", hash = "sha256:5baececa9ecba31eff645232d59845c07aa030f0c81ee70184a90d35099a0e63"},
]

[[package]]
name = "click"
version = "8.2.1"
summary = ""
dependencies = [
    "colorama; sys_platform == \"win32\"",
]
files = [
    {file = "click-8.2.1-py3-none-any.whl", hash = "sha256:61a3265b914e850b85317d0b3109c7f8cd35a670f963866005d6ef1d5175a12b"},
    {file = "click-8.2.1.tar.gz", hash = "sha256:27c491cc05d968d271d5a1db13e3b5a184636d9d930f148c50b038f0d0646202"},
]

[[package]]
name = "cmake"
version = "4.0.3"
summary = ""
files = [
    {file = "cmake-4.0.3-py3-none-macosx_10_10_universal2.whl", hash = "sha256:f2adfb459747025f40f9d3bdd1f3a485d43e866c0c4eb66373d1fcd666b13e4a"},
    {file = "cmake-4.0.3-py3-none-manylinux_2_12_i686.manylinux2010_i686.whl", hash = "sha256:04c40c92fdcaa96c66a5731b5b3fbbdf87da99cc68fdd30ff30b90c34d222986"},
    {file = "cmake-4.0.3-py3-none-manylinux_2_12_x86_64.manylinux2010_x86_64.whl", hash = "sha256:d41b83d061bcc375a7a5f2942ba523a7563368d296d91260f9d8a53a10f5e5e5"},
    {file = "cmake-4.0.3-py3-none-manylinux_2_17_aarch64.manylinux2014_aarch64.whl", hash = "sha256:434f84fdf1e21578974876b8414dc47afeaea62027d9adc37a943a6bb08eb053"},
    {file = "cmake-4.0.3-py3-none-manylinux_2_17_i686.manylinux2014_i686.whl", hash = "sha256:beec48371a4b906fe398758ded5df57fc16e9bb14fd34244d9d66ee35862fb9f"},
    {file = "cmake-4.0.3-py3-none-manylinux_2_17_ppc64le.manylinux2014_ppc64le.whl", hash = "sha256:47dc28bee6cfb4de00c7cf7e87d565b5c86eb4088da81b60a49e214fcdd4ffda"},
    {file = "cmake-4.0.3-py3-none-manylinux_2_17_s390x.manylinux2014_s390x.whl", hash = "sha256:e10fdc972b3211915b65cc89e8cd24e1a26c9bd684ee71c3f369fb488f2c4388"},
    {file = "cmake-4.0.3-py3-none-manylinux_2_17_x86_64.manylinux2014_x86_64.whl", hash = "sha256:d840e780c48c5df1330879d50615176896e8e6eee554507d21ce8e2f1a5f0ff8"},
    {file = "cmake-4.0.3-py3-none-manylinux_2_31_armv7l.whl", hash = "sha256:6ef63bbabcbe3b89c1d80547913b6caceaad57987a27e7afc79ebc88ecd829e4"},
    {file = "cmake-4.0.3-py3-none-musllinux_1_1_aarch64.whl", hash = "sha256:67103f2bcce8f57b8705ba8e353f18fdc3684a346eee97dc5f94d11575a424c6"},
    {file = "cmake-4.0.3-py3-none-musllinux_1_1_i686.whl", hash = "sha256:880a1e1ae26d440d7e4f604fecbf839728ca7b096c870f2e7359855cc4828532"},
    {file = "cmake-4.0.3-py3-none-musllinux_1_1_ppc64le.whl", hash = "sha256:c403b660bbff1fd4d7f1c5d9e015ea27566e49ca9461e260c9758f2fd4e5e813"},
    {file = "cmake-4.0.3-py3-none-musllinux_1_1_s390x.whl", hash = "sha256:2a66ecdd4c3238484cb0c377d689c086a9b8b533e25329f73d21bd1c38f1ae86"},
    {file = "cmake-4.0.3-py3-none-musllinux_1_1_x86_64.whl", hash = "sha256:004e58b1a1a384c2ca799c9c41ac4ed86ac3b80129462992c43c1121f8729ffd"},
    {file = "cmake-4.0.3-py3-none-musllinux_1_2_armv7l.whl", hash = "sha256:133dbc33f995cb97a4456d83d67fa0a7a798f53f979454359140588baa928f43"},
    {file = "cmake-4.0.3-py3-none-win32.whl", hash = "sha256:3e07bdd14e69ea67d1e67a4f5225ac2fd91ee9e349c440143cdddd7368be1f46"},
    {file = "cmake-4.0.3-py3-none-win_amd64.whl", hash = "sha256:9a349ff2b4a7c63c896061676bc0f4e6994f373d54314d79ba3608ee7fa75442"},
    {file = "cmake-4.0.3-py3-none-win_arm64.whl", hash = "sha256:94a52e67b264a51089907c9e74ca5a9e2f3e65c57c457e0f40f02629a0de74d8"},
    {file = "cmake-4.0.3.tar.gz", hash = "sha256:215732f09ea8a7088fe1ab46bbd61669437217278d709fd3851bf8211e8c59e3"},
]

[[package]]
name = "colorama"
version = "0.4.6"
summary = ""
files = [
    {file = "colorama-0.4.6-py2.py3-none-any.whl", hash = "sha256:4f1d9991f5acc0ca119f9d443620b77f9d6b33703e51011c16baf57afb285fc6"},
    {file = "colorama-0.4.6.tar.gz", hash = "sha256:08695f5cb7ed6e0531a20572697297273c47b8cae5a63ffc6d6ed5c201be6e44"},
]

[[package]]
name = "conan"
version = "2.18.1"
summary = ""
dependencies = [
    "colorama",
    "distro; platform_system == \"FreeBSD\" or sys_platform == \"linux\"",
    "fasteners",
    "jinja2",
    "patch-ng",
    "python-dateutil",
    "pyyaml",
    "requests",
    "urllib3",
]
files = [
    {file = "conan-2.18.1.tar.gz", hash = "sha256:5d8e9fac7614de9297933f65de8f17db14851a871cebc962f4856b7c294f43c5"},
]

[[package]]
name = "cppython"
version = "0.9.2"
summary = ""
dependencies = [
    "packaging",
    "pydantic",
    "requests",
    "typer",
    "types-requests",
]
files = [
    {file = "cppython-0.9.2-py3-none-any.whl", hash = "sha256:b43997b0d7237e4098501bf73f5d25576f5ef08ec7ec9fe4a111be5654cf4dca"},
    {file = "cppython-0.9.2.tar.gz", hash = "sha256:d8468a612f663d47074059811a4a53c6489d4e7a2d20ad15d811b4133377f072"},
]

[[package]]
name = "cppython"
version = "0.9.2"
extras = ["cmake"]
summary = ""
dependencies = [
    "cmake",
    "cppython==0.9.2",
]
files = [
    {file = "cppython-0.9.2-py3-none-any.whl", hash = "sha256:b43997b0d7237e4098501bf73f5d25576f5ef08ec7ec9fe4a111be5654cf4dca"},
    {file = "cppython-0.9.2.tar.gz", hash = "sha256:d8468a612f663d47074059811a4a53c6489d4e7a2d20ad15d811b4133377f072"},
]

[[package]]
name = "cppython"
version = "0.9.2"
extras = ["conan"]
summary = ""
dependencies = [
    "conan",
    "cppython==0.9.2",
    "libcst",
]
files = [
    {file = "cppython-0.9.2-py3-none-any.whl", hash = "sha256:b43997b0d7237e4098501bf73f5d25576f5ef08ec7ec9fe4a111be5654cf4dca"},
    {file = "cppython-0.9.2.tar.gz", hash = "sha256:d8468a612f663d47074059811a4a53c6489d4e7a2d20ad15d811b4133377f072"},
]

[[package]]
name = "cppython"
version = "0.9.2"
extras = ["git"]
summary = ""
dependencies = [
    "cppython==0.9.2",
    "dulwich",
]
files = [
    {file = "cppython-0.9.2-py3-none-any.whl", hash = "sha256:b43997b0d7237e4098501bf73f5d25576f5ef08ec7ec9fe4a111be5654cf4dca"},
    {file = "cppython-0.9.2.tar.gz", hash = "sha256:d8468a612f663d47074059811a4a53c6489d4e7a2d20ad15d811b4133377f072"},
]

[[package]]
name = "distro"
version = "1.8.0"
summary = ""
files = [
    {file = "distro-1.8.0-py3-none-any.whl", hash = "sha256:99522ca3e365cac527b44bde033f64c6945d90eb9f769703caaec52b09bbd3ff"},
    {file = "distro-1.8.0.tar.gz", hash = "sha256:02e111d1dc6a50abb8eed6bf31c3e48ed8b0830d1ea2a1b78c61765c2513fdd8"},
]

[[package]]
name = "dulwich"
version = "0.23.2"
summary = ""
dependencies = [
    "urllib3",
]
files = [
    {file = "dulwich-0.23.2-cp313-cp313-macosx_11_0_arm64.whl", hash = "sha256:e44dec7e36bc035da0ec3df6c1564810699e319ba41b71d17750dd7452e1b2fc"},
    {file = "dulwich-0.23.2-cp313-cp313-manylinux_2_28_aarch64.whl", hash = "sha256:398ba1c0e1581071cdcb38a681e0ff1e046aa8f31bad3bc368266f499c4ddf9e"},
    {file = "dulwich-0.23.2-cp313-cp313-manylinux_2_28_x86_64.whl", hash = "sha256:432c6eeac5edf97ff7090fbac7cda708167ee90e5afa78652d252e87e397f425"},
    {file = "dulwich-0.23.2-cp313-cp313-win32.whl", hash = "sha256:8555980e8509d7f76e80de58d1eb7bd2c1c317942b7a3c9c113d81dfc287f4c0"},
    {file = "dulwich-0.23.2-cp313-cp313-win_amd64.whl", hash = "sha256:2b042dca31de4d4a0e88e4dbe20afe804a640c8882eec0de5093bffb34b75370"},
    {file = "dulwich-0.23.2-py3-none-any.whl", hash = "sha256:0b0439d309cf808f7955f74776981d9ac9dc1ec715aa39798de9b22bb95ac163"},
    {file = "dulwich-0.23.2.tar.gz", hash = "sha256:a152ebb0e95bc0f23768be563f80ff1e719bf5c4f5c2696be4fa8ab625a39879"},
]

[[package]]
name = "fasteners"
version = "0.19"
summary = ""
files = [
    {file = "fasteners-0.19-py3-none-any.whl", hash = "sha256:758819cb5d94cdedf4e836988b74de396ceacb8e2794d21f82d131fd9ee77237"},
    {file = "fasteners-0.19.tar.gz", hash = "sha256:b4f37c3ac52d8a445af3a66bce57b33b5e90b97c696b7b984f530cf8f0ded09c"},
]

[[package]]
name = "idna"
version = "3.10"
summary = ""
files = [
    {file = "idna-3.10-py3-none-any.whl", hash = "sha256:946d195a0d259cbba61165e88e65941f16e9b36ea6ddb97f00452bae8b1287d3"},
    {file = "idna-3.10.tar.gz", hash = "sha256:12f65c9b470abda6dc35cf8e63cc574b1c52b11df2c86030af0ac09b01b13ea9"},
]

[[package]]
name = "jinja2"
version = "3.1.6"
summary = ""
dependencies = [
    "markupsafe",
]
files = [
    {file = "jinja2-3.1.6-py3-none-any.whl", hash = "sha256:85ece4451f492d0c13c5dd7c13a64681a86afae63a5f347908daf103ce6d2f67"},
    {file = "jinja2-3.1.6.tar.gz", hash = "sha256:0137fb05990d35f1275a587e9aee6d56da821fc83491a0fb838183be43f66d6d"},
]

[[package]]
name = "libcst"
version = "1.8.2"
summary = ""
dependencies = [
    "pyyaml-ft",
]
files = [
    {file = "libcst-1.8.2-cp313-cp313-macosx_10_13_x86_64.whl", hash = "sha256:08e9dca4ab6f8551794ce7ec146f86def6a82da41750cbed2c07551345fa10d3"},
    {file = "libcst-1.8.2-cp313-cp313-macosx_11_0_arm64.whl", hash = "sha256:8310521f2ccb79b5c4345750d475b88afa37bad930ab5554735f85ad5e3add30"},
    {file = "libcst-1.8.2-cp313-cp313-manylinux1_i686.manylinux2014_i686.manylinux_2_17_i686.manylinux_2_5_i686.whl", hash = "sha256:da2d8b008aff72acd5a4a588491abdda1b446f17508e700f26df9be80d8442ae"},
    {file = "libcst-1.8.2-cp313-cp313-manylinux_2_28_aarch64.whl", hash = "sha256:be821d874ce8b26cbadd7277fa251a9b37f6d2326f8b5682b6fc8966b50a3a59"},
    {file = "libcst-1.8.2-cp313-cp313-manylinux_2_28_armv7l.manylinux_2_31_armv7l.whl", hash = "sha256:f74b0bc7378ad5afcf25ac9d0367b4dbba50f6f6468faa41f5dfddcf8bf9c0f8"},
    {file = "libcst-1.8.2-cp313-cp313-manylinux_2_28_x86_64.whl", hash = "sha256:b68ea4a6018abfea1f68d50f74de7d399172684c264eb09809023e2c8696fc23"},
    {file = "libcst-1.8.2-cp313-cp313-musllinux_1_2_aarch64.whl", hash = "sha256:2e264307ec49b2c72480422abafe80457f90b4e6e693b7ddf8a23d24b5c24001"},
    {file = "libcst-1.8.2-cp313-cp313-musllinux_1_2_x86_64.whl", hash = "sha256:a5d5519962ce7c72d81888fb0c09e58e308ba4c376e76bcd853b48151063d6a8"},
    {file = "libcst-1.8.2-cp313-cp313-win_amd64.whl", hash = "sha256:b62aa11d6b74ed5545e58ac613d3f63095e5fd0254b3e0d1168fda991b9a6b41"},
    {file = "libcst-1.8.2-cp313-cp313-win_arm64.whl", hash = "sha256:9c2bd4ac288a9cdb7ffc3229a9ce8027a66a3fd3f2ab9e13da60f5fbfe91f3b2"},
    {file = "libcst-1.8.2-cp313-cp313t-macosx_10_13_x86_64.whl", hash = "sha256:08a8c7d9922ca6eed24e2c13a3c552b3c186af8fc78e5d4820b58487d780ec19"},
    {file = "libcst-1.8.2-cp313-cp313t-macosx_11_0_arm64.whl", hash = "sha256:bba7c2b5063e8ada5a5477f9fa0c01710645426b5a8628ec50d558542a0a292e"},
    {file = "libcst-1.8.2-cp313-cp313t-manylinux1_i686.manylinux2014_i686.manylinux_2_17_i686.manylinux_2_5_i686.whl", hash = "sha256:d97c9fe13aacfbefded6861f5200dcb8e837da7391a9bdeb44ccb133705990af"},
    {file = "libcst-1.8.2-cp313-cp313t-manylinux_2_28_aarch64.whl", hash = "sha256:d2194ae959630aae4176a4b75bd320b3274c20bef2a5ca6b8d6fc96d3c608edf"},
    {file = "libcst-1.8.2-cp313-cp313t-manylinux_2_28_armv7l.manylinux_2_31_armv7l.whl", hash = "sha256:0be639f5b2e1999a4b4a82a0f4633969f97336f052d0c131627983589af52f56"},
    {file = "libcst-1.8.2-cp313-cp313t-manylinux_2_28_x86_64.whl", hash = "sha256:6753e50904e05c27915933da41518ecd7a8ca4dd3602112ba44920c6e353a455"},
    {file = "libcst-1.8.2-cp313-cp313t-musllinux_1_2_aarch64.whl", hash = "sha256:706d07106af91c343150be86caeae1ea3851b74aa0730fcbbf8cd089e817f818"},
    {file = "libcst-1.8.2-cp313-cp313t-musllinux_1_2_x86_64.whl", hash = "sha256:dd4310ea8ddc49cc8872e083737cf806299b17f93159a1f354d59aa08993e876"},
    {file = "libcst-1.8.2-cp313-cp313t-win_amd64.whl", hash = "sha256:51bbafdd847529e8a16d1965814ed17831af61452ee31943c414cb23451de926"},
    {file = "libcst-1.8.2-cp313-cp313t-win_arm64.whl", hash = "sha256:4f14f5045766646ed9e8826b959c6d07194788babed1e0ba08c94ea4f39517e3"},
    {file = "libcst-1.8.2.tar.gz", hash = "sha256:66e82cedba95a6176194a817be4232c720312f8be6d2c8f3847f3317d95a0c7f"},
]

[[package]]
name = "markdown-it-py"
version = "3.0.0"
summary = ""
dependencies = [
    "mdurl",
]
files = [
    {file = "markdown-it-py-3.0.0.tar.gz", hash = "sha256:e3f60a94fa066dc52ec76661e37c851cb232d92f9886b15cb560aaada2df8feb"},
    {file = "markdown_it_py-3.0.0-py3-none-any.whl", hash = "sha256:355216845c60bd96232cd8d8c40e8f9765cc86f46880e43a8fd22dc1a1a8cab1"},
]

[[package]]
name = "markupsafe"
version = "3.0.2"
summary = ""
files = [
    {file = "MarkupSafe-3.0.2-cp313-cp313-macosx_10_13_universal2.whl", hash = "sha256:ba9527cdd4c926ed0760bc301f6728ef34d841f405abf9d4f959c478421e4efd"},
    {file = "MarkupSafe-3.0.2-cp313-cp313-macosx_11_0_arm64.whl", hash = "sha256:f8b3d067f2e40fe93e1ccdd6b2e1d16c43140e76f02fb1319a05cf2b79d99430"},
    {file = "MarkupSafe-3.0.2-cp313-cp313-manylinux_2_17_aarch64.manylinux2014_aarch64.whl", hash = "sha256:569511d3b58c8791ab4c2e1285575265991e6d8f8700c7be0e88f86cb0672094"},
    {file = "MarkupSafe-3.0.2-cp313-cp313-manylinux_2_17_x86_64.manylinux2014_x86_64.whl", hash = "sha256:15ab75ef81add55874e7ab7055e9c397312385bd9ced94920f2802310c930396"},
    {file = "MarkupSafe-3.0.2-cp313-cp313-manylinux_2_5_i686.manylinux1_i686.manylinux_2_17_i686.manylinux2014_i686.whl", hash = "sha256:f3818cb119498c0678015754eba762e0d61e5b52d34c8b13d770f0719f7b1d79"},
    {file = "MarkupSafe-3.0.2-cp313-cp313-musllinux_1_2_aarch64.whl", hash = "sha256:cdb82a876c47801bb54a690c5ae105a46b392ac6099881cdfb9f6e95e4014c6a"},
    {file = "MarkupSafe-3.0.2-cp313-cp313-musllinux_1_2_i686.whl", hash = "sha256:cabc348d87e913db6ab4aa100f01b08f481097838bdddf7c7a84b7575b7309ca"},
    {file = "MarkupSafe-3.0.2-cp313-cp313-musllinux_1_2_x86_64.whl", hash = "sha256:444dcda765c8a838eaae23112db52f1efaf750daddb2d9ca300bcae1039adc5c"},
    {file = "MarkupSafe-3.0.2-cp313-cp313-win32.whl", hash = "sha256:bcf3e58998965654fdaff38e58584d8937aa3096ab5354d493c77d1fdd66d7a1"},
    {file = "MarkupSafe-3.0.2-cp313-cp313-win_amd64.whl", hash = "sha256:e6a2a455bd412959b57a172ce6328d2dd1f01cb2135efda2e4576e8a23fa3b0f"},
    {file = "MarkupSafe-3.0.2-cp313-cp313t-macosx_10_13_universal2.whl", hash = "sha256:b5a6b3ada725cea8a5e634536b1b01c30bcdcd7f9c6fff4151548d5bf6b3a36c"},
    {file = "MarkupSafe-3.0.2-cp313-cp313t-macosx_11_0_arm64.whl", hash = "sha256:a904af0a6162c73e3edcb969eeeb53a63ceeb5d8cf642fade7d39e7963a22ddb"},
    {file = "MarkupSafe-3.0.2-cp313-cp313t-manylinux_2_17_aarch64.manylinux2014_aarch64.whl", hash = "sha256:4aa4e5faecf353ed117801a068ebab7b7e09ffb6e1d5e412dc852e0da018126c"},
    {file = "MarkupSafe-3.0.2-cp313-cp313t-manylinux_2_17_x86_64.manylinux2014_x86_64.whl", hash = "sha256:c0ef13eaeee5b615fb07c9a7dadb38eac06a0608b41570d8ade51c56539e509d"},
    {file = "MarkupSafe-3.0.2-cp313-cp313t-manylinux_2_5_i686.manylinux1_i686.manylinux_2_17_i686.manylinux2014_i686.whl", hash = "sha256:d16a81a06776313e817c951135cf7340a3e91e8c1ff2fac444cfd75fffa04afe"},
    {file = "MarkupSafe-3.0.2-cp313-cp313t-musllinux_1_2_aarch64.whl", hash = "sha256:6381026f158fdb7c72a168278597a5e3a5222e83ea18f543112b2662a9b699c5"},
    {file = "MarkupSafe-3.0.2-cp313-cp313t-musllinux_1_2_i686.whl", hash = "sha256:3d79d162e7be8f996986c064d1c7c817f6df3a77fe3d6859f6f9e7be4b8c213a"},
    {file = "MarkupSafe-3.0.2-cp313-cp313t-musllinux_1_2_x86_64.whl", hash = "sha256:131a3c7689c85f5ad20f9f6fb1b866f402c445b220c19fe4308c0b147ccd2ad9"},
    {file = "MarkupSafe-3.0.2-cp313-cp313t-win32.whl", hash = "sha256:ba8062ed2cf21c07a9e295d5b8a2a5ce678b913b45fdf68c32d95d6c1291e0b6"},
    {file = "MarkupSafe-3.0.2-cp313-cp313t-win_amd64.whl", hash = "sha256:e444a31f8db13eb18ada366ab3cf45fd4b31e4db1236a4448f68778c1d1a5a2f"},
    {file = "markupsafe-3.0.2.tar.gz", hash = "sha256:ee55d3edf80167e48ea11a923c7386f4669df67d7994554387f84e7d8b0a2bf0"},
]

[[package]]
name = "mdurl"
version = "0.1.2"
summary = ""
files = [
    {file = "mdurl-0.1.2-py3-none-any.whl", hash = "sha256:84008a41e51615a49fc9966191ff91509e3c40b939176e643fd50a5c2196b8f8"},
    {file = "mdurl-0.1.2.tar.gz", hash = "sha256:bb413d29f5eea38f31dd4754dd7377d4465116fb207585f97bf925588687c1ba"},
]

[[package]]
name = "packaging"
version = "25.0"
summary = ""
files = [
    {file = "packaging-25.0-py3-none-any.whl", hash = "sha256:29572ef2b1f17581046b3a2227d5c611fb25ec70ca1ba8554b24b0e69331a484"},
    {file = "packaging-25.0.tar.gz", hash = "sha256:d443872c98d677bf60f6a1f2f8c1cb748e8fe762d2bf9d3148b5599295b0fc4f"},
]

[[package]]
name = "patch-ng"
version = "1.18.1"
summary = ""
files = [
    {file = "patch-ng-1.18.1.tar.gz", hash = "sha256:52fd46ee46f6c8667692682c1fd7134edc65a2d2d084ebec1d295a6087fc0291"},
]

[[package]]
name = "pydantic"
version = "2.11.7"
summary = ""
dependencies = [
    "annotated-types",
    "pydantic-core",
    "typing-extensions",
    "typing-inspection",
]
files = [
    {file = "pydantic-2.11.7-py3-none-any.whl", hash = "sha256:dde5df002701f6de26248661f6835bbe296a47bf73990135c7d07ce741b9623b"},
    {file = "pydantic-2.11.7.tar.gz", hash = "sha256:d989c3c6cb79469287b1569f7447a17848c998458d49ebe294e975b9baf0f0db"},
]

[[package]]
name = "pydantic-core"
version = "2.33.2"
summary = ""
dependencies = [
    "typing-extensions",
]
files = [
    {file = "pydantic_core-2.33.2-cp313-cp313-macosx_10_12_x86_64.whl", hash = "sha256:1082dd3e2d7109ad8b7da48e1d4710c8d06c253cbc4a27c1cff4fbcaa97a9e3f"},
    {file = "pydantic_core-2.33.2-cp313-cp313-macosx_11_0_arm64.whl", hash = "sha256:f517ca031dfc037a9c07e748cefd8d96235088b83b4f4ba8939105d20fa1dcd6"},
    {file = "pydantic_core-2.33.2-cp313-cp313-manylinux_2_17_aarch64.manylinux2014_aarch64.whl", hash = "sha256:0a9f2c9dd19656823cb8250b0724ee9c60a82f3cdf68a080979d13092a3b0fef"},
    {file = "pydantic_core-2.33.2-cp313-cp313-manylinux_2_17_armv7l.manylinux2014_armv7l.whl", hash = "sha256:2b0a451c263b01acebe51895bfb0e1cc842a5c666efe06cdf13846c7418caa9a"},
    {file = "pydantic_core-2.33.2-cp313-cp313-manylinux_2_17_ppc64le.manylinux2014_ppc64le.whl", hash = "sha256:1ea40a64d23faa25e62a70ad163571c0b342b8bf66d5fa612ac0dec4f069d916"},
    {file = "pydantic_core-2.33.2-cp313-cp313-manylinux_2_17_s390x.manylinux2014_s390x.whl", hash = "sha256:0fb2d542b4d66f9470e8065c5469ec676978d625a8b7a363f07d9a501a9cb36a"},
    {file = "pydantic_core-2.33.2-cp313-cp313-manylinux_2_17_x86_64.manylinux2014_x86_64.whl", hash = "sha256:9fdac5d6ffa1b5a83bca06ffe7583f5576555e6c8b3a91fbd25ea7780f825f7d"},
    {file = "pydantic_core-2.33.2-cp313-cp313-manylinux_2_5_i686.manylinux1_i686.whl", hash = "sha256:04a1a413977ab517154eebb2d326da71638271477d6ad87a769102f7c2488c56"},
    {file = "pydantic_core-2.33.2-cp313-cp313-musllinux_1_1_aarch64.whl", hash = "sha256:c8e7af2f4e0194c22b5b37205bfb293d166a7344a5b0d0eaccebc376546d77d5"},
    {file = "pydantic_core-2.33.2-cp313-cp313-musllinux_1_1_armv7l.whl", hash = "sha256:5c92edd15cd58b3c2d34873597a1e20f13094f59cf88068adb18947df5455b4e"},
    {file = "pydantic_core-2.33.2-cp313-cp313-musllinux_1_1_x86_64.whl", hash = "sha256:65132b7b4a1c0beded5e057324b7e16e10910c106d43675d9bd87d4f38dde162"},
    {file = "pydantic_core-2.33.2-cp313-cp313-win32.whl", hash = "sha256:52fb90784e0a242bb96ec53f42196a17278855b0f31ac7c3cc6f5c1ec4811849"},
    {file = "pydantic_core-2.33.2-cp313-cp313-win_amd64.whl", hash = "sha256:c083a3bdd5a93dfe480f1125926afcdbf2917ae714bdb80b36d34318b2bec5d9"},
    {file = "pydantic_core-2.33.2-cp313-cp313-win_arm64.whl", hash = "sha256:e80b087132752f6b3d714f041ccf74403799d3b23a72722ea2e6ba2e892555b9"},
    {file = "pydantic_core-2.33.2-cp313-cp313t-macosx_11_0_arm64.whl", hash = "sha256:61c18fba8e5e9db3ab908620af374db0ac1baa69f0f32df4f61ae23f15e586ac"},
    {file = "pydantic_core-2.33.2-cp313-cp313t-manylinux_2_17_x86_64.manylinux2014_x86_64.whl", hash = "sha256:95237e53bb015f67b63c91af7518a62a8660376a6a0db19b89acc77a4d6199f5"},
    {file = "pydantic_core-2.33.2-cp313-cp313t-win_amd64.whl", hash = "sha256:c2fc0a768ef76c15ab9238afa6da7f69895bb5d1ee83aeea2e3509af4472d0b9"},
    {file = "pydantic_core-2.33.2.tar.gz", hash = "sha256:7cb8bc3605c29176e1b105350d2e6474142d7c1bd1d9327c4a9bdb46bf827acc"},
]

[[package]]
name = "pygments"
version = "2.19.2"
summary = ""
files = [
    {file = "pygments-2.19.2-py3-none-any.whl", hash = "sha256:86540386c03d588bb81d44bc3928634ff26449851e99741617ecb9037ee5ec0b"},
    {file = "pygments-2.19.2.tar.gz", hash = "sha256:636cb2477cec7f8952536970bc533bc43743542f70392ae026374600add5b887"},
]

[[package]]
name = "python-dateutil"
version = "2.9.0.post0"
summary = ""
dependencies = [
    "six",
]
files = [
    {file = "python-dateutil-2.9.0.post0.tar.gz", hash = "sha256:37dd54208da7e1cd875388217d5e00ebd4179249f90fb72437e91a35459a0ad3"},
    {file = "python_dateutil-2.9.0.post0-py2.py3-none-any.whl", hash = "sha256:a8b2bc7bffae282281c8140a97d3aa9c14da0b136dfe83f850eea9a5f7470427"},
]

[[package]]
name = "pyyaml"
version = "6.0.2"
summary = ""
files = [
    {file = "PyYAML-6.0.2-cp313-cp313-macosx_10_13_x86_64.whl", hash = "sha256:efdca5630322a10774e8e98e1af481aad470dd62c3170801852d752aa7a783ba"},
    {file = "PyYAML-6.0.2-cp313-cp313-macosx_11_0_arm64.whl", hash = "sha256:50187695423ffe49e2deacb8cd10510bc361faac997de9efef88badc3bb9e2d1"},
    {file = "PyYAML-6.0.2-cp313-cp313-manylinux_2_17_aarch64.manylinux2014_aarch64.whl", hash = "sha256:0ffe8360bab4910ef1b9e87fb812d8bc0a308b0d0eef8c8f44e0254ab3b07133"},
    {file = "PyYAML-6.0.2-cp313-cp313-manylinux_2_17_s390x.manylinux2014_s390x.whl", hash = "sha256:17e311b6c678207928d649faa7cb0d7b4c26a0ba73d41e99c4fff6b6c3276484"},
    {file = "PyYAML-6.0.2-cp313-cp313-manylinux_2_17_x86_64.manylinux2014_x86_64.whl", hash = "sha256:70b189594dbe54f75ab3a1acec5f1e3faa7e8cf2f1e08d9b561cb41b845f69d5"},
    {file = "PyYAML-6.0.2-cp313-cp313-musllinux_1_1_aarch64.whl", hash = "sha256:41e4e3953a79407c794916fa277a82531dd93aad34e29c2a514c2c0c5fe971cc"},
    {file = "PyYAML-6.0.2-cp313-cp313-musllinux_1_1_x86_64.whl", hash = "sha256:68ccc6023a3400877818152ad9a1033e3db8625d899c72eacb5a668902e4d652"},
    {file = "PyYAML-6.0.2-cp313-cp313-win32.whl", hash = "sha256:bc2fa7c6b47d6bc618dd7fb02ef6fdedb1090ec036abab80d4681424b84c1183"},
    {file = "PyYAML-6.0.2-cp313-cp313-win_amd64.whl", hash = "sha256:8388ee1976c416731879ac16da0aff3f63b286ffdd57cdeb95f3f2e085687563"},
    {file = "pyyaml-6.0.2.tar.gz", hash = "sha256:d584d9ec91ad65861cc08d42e834324ef890a082e591037abe114850ff7bbc3e"},
]

[[package]]
name = "pyyaml-ft"
version = "8.0.0"
summary = ""
files = [
    {file = "pyyaml_ft-8.0.0-cp313-cp313-macosx_10_13_x86_64.whl", hash = "sha256:8c1306282bc958bfda31237f900eb52c9bedf9b93a11f82e1aab004c9a5657a6"},
    {file = "pyyaml_ft-8.0.0-cp313-cp313-macosx_11_0_arm64.whl", hash = "sha256:30c5f1751625786c19de751e3130fc345ebcba6a86f6bddd6e1285342f4bbb69"},
    {file = "pyyaml_ft-8.0.0-cp313-cp313-manylinux_2_17_aarch64.manylinux2014_aarch64.whl", hash = "sha256:3fa992481155ddda2e303fcc74c79c05eddcdbc907b888d3d9ce3ff3e2adcfb0"},
    {file = "pyyaml_ft-8.0.0-cp313-cp313-manylinux_2_17_s390x.manylinux2014_s390x.whl", hash = "sha256:cec6c92b4207004b62dfad1f0be321c9f04725e0f271c16247d8b39c3bf3ea42"},
    {file = "pyyaml_ft-8.0.0-cp313-cp313-manylinux_2_17_x86_64.manylinux2014_x86_64.whl", hash = "sha256:06237267dbcab70d4c0e9436d8f719f04a51123f0ca2694c00dd4b68c338e40b"},
    {file = "pyyaml_ft-8.0.0-cp313-cp313-musllinux_1_2_aarch64.whl", hash = "sha256:8a7f332bc565817644cdb38ffe4739e44c3e18c55793f75dddb87630f03fc254"},
    {file = "pyyaml_ft-8.0.0-cp313-cp313-musllinux_1_2_x86_64.whl", hash = "sha256:7d10175a746be65f6feb86224df5d6bc5c049ebf52b89a88cf1cd78af5a367a8"},
    {file = "pyyaml_ft-8.0.0-cp313-cp313-win_amd64.whl", hash = "sha256:58e1015098cf8d8aec82f360789c16283b88ca670fe4275ef6c48c5e30b22a96"},
    {file = "pyyaml_ft-8.0.0-cp313-cp313t-macosx_10_13_x86_64.whl", hash = "sha256:e64fa5f3e2ceb790d50602b2fd4ec37abbd760a8c778e46354df647e7c5a4ebb"},
    {file = "pyyaml_ft-8.0.0-cp313-cp313t-macosx_11_0_arm64.whl", hash = "sha256:8d445bf6ea16bb93c37b42fdacfb2f94c8e92a79ba9e12768c96ecde867046d1"},
    {file = "pyyaml_ft-8.0.0-cp313-cp313t-manylinux_2_17_aarch64.manylinux2014_aarch64.whl", hash = "sha256:8c56bb46b4fda34cbb92a9446a841da3982cdde6ea13de3fbd80db7eeeab8b49"},
    {file = "pyyaml_ft-8.0.0-cp313-cp313t-manylinux_2_17_s390x.manylinux2014_s390x.whl", hash = "sha256:dab0abb46eb1780da486f022dce034b952c8ae40753627b27a626d803926483b"},
    {file = "pyyaml_ft-8.0.0-cp313-cp313t-manylinux_2_17_x86_64.manylinux2014_x86_64.whl", hash = "sha256:bd48d639cab5ca50ad957b6dd632c7dd3ac02a1abe0e8196a3c24a52f5db3f7a"},
    {file = "pyyaml_ft-8.0.0-cp313-cp313t-musllinux_1_2_aarch64.whl", hash = "sha256:052561b89d5b2a8e1289f326d060e794c21fa068aa11255fe71d65baf18a632e"},
    {file = "pyyaml_ft-8.0.0-cp313-cp313t-musllinux_1_2_x86_64.whl", hash = "sha256:3bb4b927929b0cb162fb1605392a321e3333e48ce616cdcfa04a839271373255"},
    {file = "pyyaml_ft-8.0.0-cp313-cp313t-win_amd64.whl", hash = "sha256:de04cfe9439565e32f178106c51dd6ca61afaa2907d143835d501d84703d3793"},
    {file = "pyyaml_ft-8.0.0.tar.gz", hash = "sha256:0c947dce03954c7b5d38869ed4878b2e6ff1d44b08a0d84dc83fdad205ae39ab"},
]

[[package]]
name = "requests"
version = "2.32.4"
summary = ""
dependencies = [
    "certifi",
    "charset-normalizer",
    "idna",
    "urllib3",
]
files = [
    {file = "requests-2.32.4-py3-none-any.whl", hash = "sha256:27babd3cda2a6d50b30443204ee89830707d396671944c998b5975b031ac2b2c"},
    {file = "requests-2.32.4.tar.gz", hash = "sha256:27d0316682c8a29834d3264820024b62a36942083d52caf2f14c0591336d3422"},
]

[[package]]
name = "rich"
version = "14.0.0"
summary = ""
dependencies = [
    "markdown-it-py",
    "pygments",
]
files = [
    {file = "rich-14.0.0-py3-none-any.whl", hash = "sha256:1c9491e1951aac09caffd42f448ee3d04e58923ffe14993f6e83068dc395d7e0"},
    {file = "rich-14.0.0.tar.gz", hash = "sha256:82f1bc23a6a21ebca4ae0c45af9bdbc492ed20231dcb63f297d6d1021a9d5725"},
]

[[package]]
name = "shellingham"
version = "1.5.4"
summary = ""
files = [
    {file = "shellingham-1.5.4-py2.py3-none-any.whl", hash = "sha256:7ecfff8f2fd72616f7481040475a65b2bf8af90a56c89140852d1120324e8686"},
    {file = "shellingham-1.5.4.tar.gz", hash = "sha256:8dbca0739d487e5bd35ab3ca4b36e11c4078f3a234bfce294b0a0291363404de"},
]

[[package]]
name = "six"
version = "1.17.0"
summary = ""
files = [
    {file = "six-1.17.0-py2.py3-none-any.whl", hash = "sha256:4721f391ed90541fddacab5acf947aa0d3dc7d27b2e1e8eda2be8970586c3274"},
    {file = "six-1.17.0.tar.gz", hash = "sha256:ff70335d468e7eb6ec65b95b99d3a2836546063f63acc5171de367e834932a81"},
]

[[package]]
name = "typer"
version = "0.16.0"
summary = ""
dependencies = [
    "click",
    "rich",
    "shellingham",
    "typing-extensions",
]
files = [
    {file = "typer-0.16.0-py3-none-any.whl", hash = "sha256:1f79bed11d4d02d4310e3c1b7ba594183bcedb0ac73b27a9e5f28f6fb5b98855"},
    {file = "typer-0.16.0.tar.gz", hash = "sha256:af377ffaee1dbe37ae9440cb4e8f11686ea5ce4e9bae01b84ae7c63b87f1dd3b"},
]

[[package]]
name = "types-requests"
version = "2.32.4.20250611"
summary = ""
dependencies = [
    "urllib3",
]
files = [
    {file = "types_requests-2.32.4.20250611-py3-none-any.whl", hash = "sha256:ad2fe5d3b0cb3c2c902c8815a70e7fb2302c4b8c1f77bdcd738192cdb3878072"},
    {file = "types_requests-2.32.4.20250611.tar.gz", hash = "sha256:741c8777ed6425830bf51e54d6abe245f79b4dcb9019f1622b773463946bf826"},
]

[[package]]
name = "typing-extensions"
version = "4.14.1"
summary = ""
files = [
    {file = "typing_extensions-4.14.1-py3-none-any.whl", hash = "sha256:d1e1e3b58374dc93031d6eda2420a48ea44a36c2b4766a4fdeb3710755731d76"},
    {file = "typing_extensions-4.14.1.tar.gz", hash = "sha256:38b39f4aeeab64884ce9f74c94263ef78f3c22467c8724005483154c26648d36"},
]

[[package]]
name = "typing-inspection"
version = "0.4.1"
summary = ""
dependencies = [
    "typing-extensions",
]
files = [
    {file = "typing_inspection-0.4.1-py3-none-any.whl", hash = "sha256:389055682238f53b04f7badcb49b989835495a96700ced5dab2d8feae4b26f51"},
    {file = "typing_inspection-0.4.1.tar.gz", hash = "sha256:6ae134cc0203c33377d43188d4064e9b357dba58cff3185f22924610e70a9d28"},
]

[[package]]
name = "urllib3"
version = "2.0.7"
summary = ""
files = [
    {file = "urllib3-2.0.7-py3-none-any.whl", hash = "sha256:fdb6d215c776278489906c2f8916e6e7d4f5a9b602ccbcfdf7f016fc8da0596e"},
    {file = "urllib3-2.0.7.tar.gz", hash = "sha256:c97dfde1f7bd43a71c8d2a58e369e9b2bf692d1334ea9f9cae55add7d0dd0f84"},
]
